
Microsoft Visual Studio Solution File, Format Version 12.00
# Visual Studio Version 16
VisualStudioVersion = 16.0.30717.126
MinimumVisualStudioVersion = 10.0.40219.1
Project("{FAE04EC0-301F-11D3-BF4B-00C04F79EFBC}") = "Task1", "Task1\Task1.csproj", "{61033F19-C75D-4401-9B4C-004839C19203}"
EndProject
Project("{FAE04EC0-301F-11D3-BF4B-00C04F79EFBC}") = "Task2", "Task2\Task2.csproj", "{D4D76EF7-8788-4429-A1C2-E63780A0E56D}"
EndProject
Project("{FAE04EC0-301F-11D3-BF4B-00C04F79EFBC}") = "Task3", "Task3\Task3.csproj", "{EA4227FA-5AF5-4BBA-8734-D7F0D9F89690}"
EndProject
Project("{FAE04EC0-301F-11D3-BF4B-00C04F79EFBC}") = "Task4", "Task4\Task4.csproj", "{71FD3FE1-0C97-46F6-8BBE-982BD3ADF4BE}"
EndProject
Global
	GlobalSection(SolutionConfigurationPlatforms) = preSolution
		Debug|Any CPU = Debug|Any CPU
		Release|Any CPU = Release|Any CPU
	EndGlobalSection
	GlobalSection(ProjectConfigurationPlatforms) = postSolution
		{61033F19-C75D-4401-9B4C-004839C19203}.Debug|Any CPU.ActiveCfg = Debug|Any CPU
		{61033F19-C75D-4401-9B4C-004839C19203}.Debug|Any CPU.Build.0 = Debug|Any CPU
		{61033F19-C75D-4401-9B4C-004839C19203}.Release|Any CPU.ActiveCfg = Release|Any CPU
		{61033F19-C75D-4401-9B4C-004839C19203}.Release|Any CPU.Build.0 = Release|Any CPU
		{D4D76EF7-8788-4429-A1C2-E63780A0E56D}.Debug|Any CPU.ActiveCfg = Debug|Any CPU
		{D4D76EF7-8788-4429-A1C2-E63780A0E56D}.Debug|Any CPU.Build.0 = Debug|Any CPU
		{D4D76EF7-8788-4429-A1C2-E63780A0E56D}.Release|Any CPU.ActiveCfg = Release|Any CPU
		{D4D76EF7-8788-4429-A1C2-E63780A0E56D}.Release|Any CPU.Build.0 = Release|Any CPU
		{EA4227FA-5AF5-4BBA-8734-D7F0D9F89690}.Debug|Any CPU.ActiveCfg = Debug|Any CPU
		{EA4227FA-5AF5-4BBA-8734-D7F0D9F89690}.Debug|Any CPU.Build.0 = Debug|Any CPU
		{EA4227FA-5AF5-4BBA-8734-D7F0D9F89690}.Release|Any CPU.ActiveCfg = Release|Any CPU
		{EA4227FA-5AF5-4BBA-8734-D7F0D9F89690}.Release|Any CPU.Build.0 = Release|Any CPU
		{71FD3FE1-0C97-46F6-8BBE-982BD3ADF4BE}.Debug|Any CPU.ActiveCfg = Debug|Any CPU
		{71FD3FE1-0C97-46F6-8BBE-982BD3ADF4BE}.Debug|Any CPU.Build.0 = Debug|Any CPU
		{71FD3FE1-0C97-46F6-8BBE-982BD3ADF4BE}.Release|Any CPU.ActiveCfg = Release|Any CPU
		{71FD3FE1-0C97-46F6-8BBE-982BD3ADF4BE}.Release|Any CPU.Build.0 = Release|Any CPU
	EndGlobalSection
	GlobalSection(SolutionProperties) = preSolution
		HideSolutionNode = FALSE
	EndGlobalSection
	GlobalSection(ExtensibilityGlobals) = postSolution
		SolutionGuid = {9FC31546-31ED-4EF7-8A05-1C5A4FC1AE0C}
	EndGlobalSection
EndGlobal
